
Microsoft Visual Studio Solution File, Format Version 12.00
# Visual Studio Version 17
VisualStudioVersion = 17.2.32630.192
MinimumVisualStudioVersion = 10.0.40219.1
Project("{FAE04EC0-301F-11D3-BF4B-00C04F79EFBC}") = "GrpcClient_Demo_v1", "GrpcClient_Demo_v1\GrpcClient_Demo_v1.csproj", "{51F7D982-174E-480C-9176-6009D0B1B240}"
EndProject
Global
	GlobalSection(SolutionConfigurationPlatforms) = preSolution
		Debug|Any CPU = Debug|Any CPU
		Release|Any CPU = Release|Any CPU
	EndGlobalSection
	GlobalSection(ProjectConfigurationPlatforms) = postSolution
		{51F7D982-174E-480C-9176-6009D0B1B240}.Debug|Any CPU.ActiveCfg = Debug|Any CPU
		{51F7D982-174E-480C-9176-6009D0B1B240}.Debug|Any CPU.Build.0 = Debug|Any CPU
		{51F7D982-174E-480C-9176-6009D0B1B240}.Release|Any CPU.ActiveCfg = Release|Any CPU
		{51F7D982-174E-480C-9176-6009D0B1B240}.Release|Any CPU.Build.0 = Release|Any CPU
	EndGlobalSection
	GlobalSection(SolutionProperties) = preSolution
		HideSolutionNode = FALSE
	EndGlobalSection
	GlobalSection(ExtensibilityGlobals) = postSolution
		SolutionGuid = {8AE4FA89-539B-4AF6-9714-92EBA620759C}
	EndGlobalSection
EndGlobal
